// !$*UTF8*$!
{
	archiveVersion = 1;
	classes = {
	};
	objectVersion = 46;
	objects = {

/* Begin PBXBuildFile section */
		DF26E58F1CEA8190009EE213 /* smoke7 in Resources */ = {isa = PBXBuildFile; fileRef = DF26E5881CEA8190009EE213 /* smoke7 */; };
		DF26E5901CEA8190009EE213 /* smoke6 in Resources */ = {isa = PBXBuildFile; fileRef = DF26E5891CEA8190009EE213 /* smoke6 */; };
		DF26E5911CEA8190009EE213 /* smoke5 in Resources */ = {isa = PBXBuildFile; fileRef = DF26E58A1CEA8190009EE213 /* smoke5 */; };
		DF26E5921CEA8190009EE213 /* smoke4 in Resources */ = {isa = PBXBuildFile; fileRef = DF26E58B1CEA8190009EE213 /* smoke4 */; };
		DF26E5931CEA8190009EE213 /* smoke3 in Resources */ = {isa = PBXBuildFile; fileRef = DF26E58C1CEA8190009EE213 /* smoke3 */; };
		DF26E5941CEA8190009EE213 /* smoke2 in Resources */ = {isa = PBXBuildFile; fileRef = DF26E58D1CEA8190009EE213 /* smoke2 */; };
		DF26E5951CEA8190009EE213 /* smoke1 in Resources */ = {isa = PBXBuildFile; fileRef = DF26E58E1CEA8190009EE213 /* smoke1 */; };
		DF26E5991CEA925A009EE213 /* smoke8 in Resources */ = {isa = PBXBuildFile; fileRef = DF26E5981CEA925A009EE213 /* smoke8 */; };
		DF26E59F1CEAA4C4009EE213 /* player_jump1 in Resources */ = {isa = PBXBuildFile; fileRef = DF26E59A1CEAA4C4009EE213 /* player_jump1 */; };
		DF26E5A01CEAA4C4009EE213 /* player_jump2 in Resources */ = {isa = PBXBuildFile; fileRef = DF26E59B1CEAA4C4009EE213 /* player_jump2 */; };
		DF26E5A11CEAA4C4009EE213 /* player_jump3 in Resources */ = {isa = PBXBuildFile; fileRef = DF26E59C1CEAA4C4009EE213 /* player_jump3 */; };
		DF26E5A21CEAA4C4009EE213 /* player_jump4 in Resources */ = {isa = PBXBuildFile; fileRef = DF26E59D1CEAA4C4009EE213 /* player_jump4 */; };
		DF26E5A31CEAA4C4009EE213 /* player_jump5 in Resources */ = {isa = PBXBuildFile; fileRef = DF26E59E1CEAA4C4009EE213 /* player_jump5 */; };
		DF6705EC1CE3BEA6003AF6F2 /* main.m in Sources */ = {isa = PBXBuildFile; fileRef = DF6705EB1CE3BEA6003AF6F2 /* main.m */; };
		DF6705EF1CE3BEA6003AF6F2 /* AppDelegate.m in Sources */ = {isa = PBXBuildFile; fileRef = DF6705EE1CE3BEA6003AF6F2 /* AppDelegate.m */; };
		DF6705F21CE3BEA6003AF6F2 /* GameScene.m in Sources */ = {isa = PBXBuildFile; fileRef = DF6705F11CE3BEA6003AF6F2 /* GameScene.m */; };
		DF6705F41CE3BEA6003AF6F2 /* GameScene.sks in Resources */ = {isa = PBXBuildFile; fileRef = DF6705F31CE3BEA6003AF6F2 /* GameScene.sks */; };
		DF6705F71CE3BEA6003AF6F2 /* GameViewController.m in Sources */ = {isa = PBXBuildFile; fileRef = DF6705F61CE3BEA6003AF6F2 /* GameViewController.m */; };
		DF6705FA1CE3BEA6003AF6F2 /* Main.storyboard in Resources */ = {isa = PBXBuildFile; fileRef = DF6705F81CE3BEA6003AF6F2 /* Main.storyboard */; };
		DF6705FC1CE3BEA6003AF6F2 /* Assets.xcassets in Resources */ = {isa = PBXBuildFile; fileRef = DF6705FB1CE3BEA6003AF6F2 /* Assets.xcassets */; };
		DF6705FF1CE3BEA6003AF6F2 /* LaunchScreen.storyboard in Resources */ = {isa = PBXBuildFile; fileRef = DF6705FD1CE3BEA6003AF6F2 /* LaunchScreen.storyboard */; };
		DF6857F91CE3DB05003E13CD /* player_walk1 in Resources */ = {isa = PBXBuildFile; fileRef = DF6857F51CE3DB05003E13CD /* player_walk1 */; };
		DF6857FA1CE3DB05003E13CD /* player_walk2 in Resources */ = {isa = PBXBuildFile; fileRef = DF6857F61CE3DB05003E13CD /* player_walk2 */; };
		DF6857FB1CE3DB05003E13CD /* player_walk3 in Resources */ = {isa = PBXBuildFile; fileRef = DF6857F71CE3DB05003E13CD /* player_walk3 */; };
		DF6857FC1CE3DB05003E13CD /* player_walk4 in Resources */ = {isa = PBXBuildFile; fileRef = DF6857F81CE3DB05003E13CD /* player_walk4 */; };
		DFCC7E7D1CE53D500053998C /* game_ground in Resources */ = {isa = PBXBuildFile; fileRef = DFCC7E7C1CE53D500053998C /* game_ground */; };
		DFCC7E851CE544830053998C /* game_background in Resources */ = {isa = PBXBuildFile; fileRef = DFCC7E841CE544830053998C /* game_background */; };
		DFDE1AA61CEE63E800218F32 /* Player.m in Sources */ = {isa = PBXBuildFile; fileRef = DFDE1AA51CEE63E800218F32 /* Player.m */; };
/* End PBXBuildFile section */

/* Begin PBXFileReference section */
		DF26E5881CEA8190009EE213 /* smoke7 */ = {isa = PBXFileReference; lastKnownFileType = file; path = smoke7; sourceTree = "<group>"; };
		DF26E5891CEA8190009EE213 /* smoke6 */ = {isa = PBXFileReference; lastKnownFileType = file; path = smoke6; sourceTree = "<group>"; };
		DF26E58A1CEA8190009EE213 /* smoke5 */ = {isa = PBXFileReference; lastKnownFileType = file; path = smoke5; sourceTree = "<group>"; };
		DF26E58B1CEA8190009EE213 /* smoke4 */ = {isa = PBXFileReference; lastKnownFileType = file; path = smoke4; sourceTree = "<group>"; };
		DF26E58C1CEA8190009EE213 /* smoke3 */ = {isa = PBXFileReference; lastKnownFileType = file; path = smoke3; sourceTree = "<group>"; };
		DF26E58D1CEA8190009EE213 /* smoke2 */ = {isa = PBXFileReference; lastKnownFileType = file; path = smoke2; sourceTree = "<group>"; };
		DF26E58E1CEA8190009EE213 /* smoke1 */ = {isa = PBXFileReference; lastKnownFileType = file; path = smoke1; sourceTree = "<group>"; };
		DF26E5981CEA925A009EE213 /* smoke8 */ = {isa = PBXFileReference; lastKnownFileType = file; path = smoke8; sourceTree = "<group>"; };
		DF26E59A1CEAA4C4009EE213 /* player_jump1 */ = {isa = PBXFileReference; lastKnownFileType = file; path = player_jump1; sourceTree = "<group>"; };
		DF26E59B1CEAA4C4009EE213 /* player_jump2 */ = {isa = PBXFileReference; lastKnownFileType = file; path = player_jump2; sourceTree = "<group>"; };
		DF26E59C1CEAA4C4009EE213 /* player_jump3 */ = {isa = PBXFileReference; lastKnownFileType = file; path = player_jump3; sourceTree = "<group>"; };
		DF26E59D1CEAA4C4009EE213 /* player_jump4 */ = {isa = PBXFileReference; lastKnownFileType = file; path = player_jump4; sourceTree = "<group>"; };
		DF26E59E1CEAA4C4009EE213 /* player_jump5 */ = {isa = PBXFileReference; lastKnownFileType = file; path = player_jump5; sourceTree = "<group>"; };
		DF6705E71CE3BEA6003AF6F2 /* Deep inside.app */ = {isa = PBXFileReference; explicitFileType = wrapper.application; includeInIndex = 0; path = "Deep inside.app"; sourceTree = BUILT_PRODUCTS_DIR; };
		DF6705EB1CE3BEA6003AF6F2 /* main.m */ = {isa = PBXFileReference; lastKnownFileType = sourcecode.c.objc; path = main.m; sourceTree = "<group>"; };
		DF6705ED1CE3BEA6003AF6F2 /* AppDelegate.h */ = {isa = PBXFileReference; lastKnownFileType = sourcecode.c.h; path = AppDelegate.h; sourceTree = "<group>"; };
		DF6705EE1CE3BEA6003AF6F2 /* AppDelegate.m */ = {isa = PBXFileReference; lastKnownFileType = sourcecode.c.objc; path = AppDelegate.m; sourceTree = "<group>"; };
		DF6705F01CE3BEA6003AF6F2 /* GameScene.h */ = {isa = PBXFileReference; lastKnownFileType = sourcecode.c.h; path = GameScene.h; sourceTree = "<group>"; };
		DF6705F11CE3BEA6003AF6F2 /* GameScene.m */ = {isa = PBXFileReference; lastKnownFileType = sourcecode.c.objc; path = GameScene.m; sourceTree = "<group>"; };
		DF6705F31CE3BEA6003AF6F2 /* GameScene.sks */ = {isa = PBXFileReference; lastKnownFileType = file.sks; path = GameScene.sks; sourceTree = "<group>"; };
		DF6705F51CE3BEA6003AF6F2 /* GameViewController.h */ = {isa = PBXFileReference; lastKnownFileType = sourcecode.c.h; path = GameViewController.h; sourceTree = "<group>"; };
		DF6705F61CE3BEA6003AF6F2 /* GameViewController.m */ = {isa = PBXFileReference; lastKnownFileType = sourcecode.c.objc; path = GameViewController.m; sourceTree = "<group>"; };
		DF6705F91CE3BEA6003AF6F2 /* Base */ = {isa = PBXFileReference; lastKnownFileType = file.storyboard; name = Base; path = Base.lproj/Main.storyboard; sourceTree = "<group>"; };
		DF6705FB1CE3BEA6003AF6F2 /* Assets.xcassets */ = {isa = PBXFileReference; lastKnownFileType = folder.assetcatalog; path = Assets.xcassets; sourceTree = "<group>"; };
		DF6705FE1CE3BEA6003AF6F2 /* Base */ = {isa = PBXFileReference; lastKnownFileType = file.storyboard; name = Base; path = Base.lproj/LaunchScreen.storyboard; sourceTree = "<group>"; };
		DF6706001CE3BEA6003AF6F2 /* Info.plist */ = {isa = PBXFileReference; lastKnownFileType = text.plist.xml; path = Info.plist; sourceTree = "<group>"; };
		DF6857F51CE3DB05003E13CD /* player_walk1 */ = {isa = PBXFileReference; lastKnownFileType = file; path = player_walk1; sourceTree = "<group>"; };
		DF6857F61CE3DB05003E13CD /* player_walk2 */ = {isa = PBXFileReference; lastKnownFileType = file; path = player_walk2; sourceTree = "<group>"; };
		DF6857F71CE3DB05003E13CD /* player_walk3 */ = {isa = PBXFileReference; lastKnownFileType = file; path = player_walk3; sourceTree = "<group>"; };
		DF6857F81CE3DB05003E13CD /* player_walk4 */ = {isa = PBXFileReference; lastKnownFileType = file; path = player_walk4; sourceTree = "<group>"; };
		DFCC7E7C1CE53D500053998C /* game_ground */ = {isa = PBXFileReference; lastKnownFileType = file; path = game_ground; sourceTree = "<group>"; };
		DFCC7E841CE544830053998C /* game_background */ = {isa = PBXFileReference; lastKnownFileType = file; path = game_background; sourceTree = "<group>"; };
		DFDE1AA41CEE63E800218F32 /* Player.h */ = {isa = PBXFileReference; fileEncoding = 4; lastKnownFileType = sourcecode.c.h; path = Player.h; sourceTree = "<group>"; };
		DFDE1AA51CEE63E800218F32 /* Player.m */ = {isa = PBXFileReference; fileEncoding = 4; lastKnownFileType = sourcecode.c.objc; path = Player.m; sourceTree = "<group>"; };
		DFDE1AA81CEE668B00218F32 /* textures.h */ = {isa = PBXFileReference; lastKnownFileType = sourcecode.c.h; path = textures.h; sourceTree = "<group>"; };
/* End PBXFileReference section */

/* Begin PBXFrameworksBuildPhase section */
		DF6705E41CE3BEA6003AF6F2 /* Frameworks */ = {
			isa = PBXFrameworksBuildPhase;
			buildActionMask = 2147483647;
			files = (
			);
			runOnlyForDeploymentPostprocessing = 0;
		};
/* End PBXFrameworksBuildPhase section */

/* Begin PBXGroup section */
		DF6705DE1CE3BEA6003AF6F2 = {
			isa = PBXGroup;
			children = (
				DF6705E91CE3BEA6003AF6F2 /* Deep inside */,
				DF6705E81CE3BEA6003AF6F2 /* Products */,
			);
			sourceTree = "<group>";
		};
		DF6705E81CE3BEA6003AF6F2 /* Products */ = {
			isa = PBXGroup;
			children = (
				DF6705E71CE3BEA6003AF6F2 /* Deep inside.app */,
			);
			name = Products;
			sourceTree = "<group>";
		};
		DF6705E91CE3BEA6003AF6F2 /* Deep inside */ = {
			isa = PBXGroup;
			children = (
				DFDE1AA71CEE657800218F32 /* assets */,
				DF6705ED1CE3BEA6003AF6F2 /* AppDelegate.h */,
				DF6705EE1CE3BEA6003AF6F2 /* AppDelegate.m */,
				DF6705F01CE3BEA6003AF6F2 /* GameScene.h */,
				DF6705F11CE3BEA6003AF6F2 /* GameScene.m */,
				DF6705F31CE3BEA6003AF6F2 /* GameScene.sks */,
				DF6705F51CE3BEA6003AF6F2 /* GameViewController.h */,
				DF6705F61CE3BEA6003AF6F2 /* GameViewController.m */,
				DF6705F81CE3BEA6003AF6F2 /* Main.storyboard */,
				DF6705FB1CE3BEA6003AF6F2 /* Assets.xcassets */,
				DF6705FD1CE3BEA6003AF6F2 /* LaunchScreen.storyboard */,
				DF6706001CE3BEA6003AF6F2 /* Info.plist */,
				DF6705EA1CE3BEA6003AF6F2 /* Supporting Files */,
				DFDE1AA41CEE63E800218F32 /* Player.h */,
				DFDE1AA51CEE63E800218F32 /* Player.m */,
				DFDE1AA81CEE668B00218F32 /* textures.h */,
			);
			path = "Deep inside";
			sourceTree = "<group>";
		};
		DF6705EA1CE3BEA6003AF6F2 /* Supporting Files */ = {
			isa = PBXGroup;
			children = (
				DF6705EB1CE3BEA6003AF6F2 /* main.m */,
			);
			name = "Supporting Files";
			sourceTree = "<group>";
		};
		DFDE1AA71CEE657800218F32 /* assets */ = {
			isa = PBXGroup;
			children = (
				DF6857F51CE3DB05003E13CD /* player_walk1 */,
				DF6857F61CE3DB05003E13CD /* player_walk2 */,
				DF6857F71CE3DB05003E13CD /* player_walk3 */,
				DF6857F81CE3DB05003E13CD /* player_walk4 */,
				DF26E59A1CEAA4C4009EE213 /* player_jump1 */,
				DF26E59B1CEAA4C4009EE213 /* player_jump2 */,
				DF26E59C1CEAA4C4009EE213 /* player_jump3 */,
				DF26E59D1CEAA4C4009EE213 /* player_jump4 */,
				DF26E59E1CEAA4C4009EE213 /* player_jump5 */,
				DF26E5981CEA925A009EE213 /* smoke8 */,
				DF26E5881CEA8190009EE213 /* smoke7 */,
				DF26E5891CEA8190009EE213 /* smoke6 */,
				DF26E58A1CEA8190009EE213 /* smoke5 */,
				DF26E58B1CEA8190009EE213 /* smoke4 */,
				DF26E58C1CEA8190009EE213 /* smoke3 */,
				DF26E58D1CEA8190009EE213 /* smoke2 */,
				DF26E58E1CEA8190009EE213 /* smoke1 */,
				DFCC7E841CE544830053998C /* game_background */,
				DFCC7E7C1CE53D500053998C /* game_ground */,
			);
			name = assets;
			sourceTree = "<group>";
		};
/* End PBXGroup section */

/* Begin PBXNativeTarget section */
		DF6705E61CE3BEA6003AF6F2 /* Deep inside */ = {
			isa = PBXNativeTarget;
			buildConfigurationList = DF6706031CE3BEA6003AF6F2 /* Build configuration list for PBXNativeTarget "Deep inside" */;
			buildPhases = (
				DF6705E31CE3BEA6003AF6F2 /* Sources */,
				DF6705E41CE3BEA6003AF6F2 /* Frameworks */,
				DF6705E51CE3BEA6003AF6F2 /* Resources */,
			);
			buildRules = (
			);
			dependencies = (
			);
			name = "Deep inside";
			productName = "Deep inside";
			productReference = DF6705E71CE3BEA6003AF6F2 /* Deep inside.app */;
			productType = "com.apple.product-type.application";
		};
/* End PBXNativeTarget section */

/* Begin PBXProject section */
		DF6705DF1CE3BEA6003AF6F2 /* Project object */ = {
			isa = PBXProject;
			attributes = {
				LastUpgradeCheck = 0730;
				ORGANIZATIONNAME = "White Stone";
				TargetAttributes = {
					DF6705E61CE3BEA6003AF6F2 = {
						CreatedOnToolsVersion = 7.3;
					};
				};
			};
			buildConfigurationList = DF6705E21CE3BEA6003AF6F2 /* Build configuration list for PBXProject "Deep inside" */;
			compatibilityVersion = "Xcode 3.2";
			developmentRegion = English;
			hasScannedForEncodings = 0;
			knownRegions = (
				en,
				Base,
			);
			mainGroup = DF6705DE1CE3BEA6003AF6F2;
			productRefGroup = DF6705E81CE3BEA6003AF6F2 /* Products */;
			projectDirPath = "";
			projectRoot = "";
			targets = (
				DF6705E61CE3BEA6003AF6F2 /* Deep inside */,
			);
		};
/* End PBXProject section */

/* Begin PBXResourcesBuildPhase section */
		DF6705E51CE3BEA6003AF6F2 /* Resources */ = {
			isa = PBXResourcesBuildPhase;
			buildActionMask = 2147483647;
			files = (
				DF26E5931CEA8190009EE213 /* smoke3 in Resources */,
				DF26E5911CEA8190009EE213 /* smoke5 in Resources */,
				DF6705F41CE3BEA6003AF6F2 /* GameScene.sks in Resources */,
				DF26E59F1CEAA4C4009EE213 /* player_jump1 in Resources */,
				DFCC7E7D1CE53D500053998C /* game_ground in Resources */,
				DF6857FC1CE3DB05003E13CD /* player_walk4 in Resources */,
				DF26E5A01CEAA4C4009EE213 /* player_jump2 in Resources */,
				DF26E5901CEA8190009EE213 /* smoke6 in Resources */,
				DF6857FA1CE3DB05003E13CD /* player_walk2 in Resources */,
				DF26E5941CEA8190009EE213 /* smoke2 in Resources */,
				DF26E5A11CEAA4C4009EE213 /* player_jump3 in Resources */,
				DF26E58F1CEA8190009EE213 /* smoke7 in Resources */,
				DF6705FF1CE3BEA6003AF6F2 /* LaunchScreen.storyboard in Resources */,
				DF6857F91CE3DB05003E13CD /* player_walk1 in Resources */,
				DF6705FC1CE3BEA6003AF6F2 /* Assets.xcassets in Resources */,
				DF6705FA1CE3BEA6003AF6F2 /* Main.storyboard in Resources */,
				DF26E5A21CEAA4C4009EE213 /* player_jump4 in Resources */,
				DF26E5991CEA925A009EE213 /* smoke8 in Resources */,
				DF26E5951CEA8190009EE213 /* smoke1 in Resources */,
				DFCC7E851CE544830053998C /* game_background in Resources */,
				DF26E5A31CEAA4C4009EE213 /* player_jump5 in Resources */,
				DF6857FB1CE3DB05003E13CD /* player_walk3 in Resources */,
				DF26E5921CEA8190009EE213 /* smoke4 in Resources */,
			);
			runOnlyForDeploymentPostprocessing = 0;
		};
/* End PBXResourcesBuildPhase section */

/* Begin PBXSourcesBuildPhase section */
		DF6705E31CE3BEA6003AF6F2 /* Sources */ = {
			isa = PBXSourcesBuildPhase;
			buildActionMask = 2147483647;
			files = (
				DF6705F71CE3BEA6003AF6F2 /* GameViewController.m in Sources */,
				DF6705EF1CE3BEA6003AF6F2 /* AppDelegate.m in Sources */,
				DF6705F21CE3BEA6003AF6F2 /* GameScene.m in Sources */,
				DF6705EC1CE3BEA6003AF6F2 /* main.m in Sources */,
				DFDE1AA61CEE63E800218F32 /* Player.m in Sources */,
			);
			runOnlyForDeploymentPostprocessing = 0;
		};
/* End PBXSourcesBuildPhase section */

/* Begin PBXVariantGroup section */
		DF6705F81CE3BEA6003AF6F2 /* Main.storyboard */ = {
			isa = PBXVariantGroup;
			children = (
				DF6705F91CE3BEA6003AF6F2 /* Base */,
			);
			name = Main.storyboard;
			sourceTree = "<group>";
		};
		DF6705FD1CE3BEA6003AF6F2 /* LaunchScreen.storyboard */ = {
			isa = PBXVariantGroup;
			children = (
				DF6705FE1CE3BEA6003AF6F2 /* Base */,
			);
			name = LaunchScreen.storyboard;
			sourceTree = "<group>";
		};
/* End PBXVariantGroup section */

/* Begin XCBuildConfiguration section */
		DF6706011CE3BEA6003AF6F2 /* Debug */ = {
			isa = XCBuildConfiguration;
			buildSettings = {
				ALWAYS_SEARCH_USER_PATHS = NO;
				CLANG_ANALYZER_NONNULL = YES;
				CLANG_CXX_LANGUAGE_STANDARD = "gnu++0x";
				CLANG_CXX_LIBRARY = "libc++";
				CLANG_ENABLE_MODULES = YES;
				CLANG_ENABLE_OBJC_ARC = YES;
				CLANG_WARN_BOOL_CONVERSION = YES;
				CLANG_WARN_CONSTANT_CONVERSION = YES;
				CLANG_WARN_DIRECT_OBJC_ISA_USAGE = YES_ERROR;
				CLANG_WARN_EMPTY_BODY = YES;
				CLANG_WARN_ENUM_CONVERSION = YES;
				CLANG_WARN_INT_CONVERSION = YES;
				CLANG_WARN_OBJC_ROOT_CLASS = YES_ERROR;
				CLANG_WARN_UNREACHABLE_CODE = YES;
				CLANG_WARN__DUPLICATE_METHOD_MATCH = YES;
				"CODE_SIGN_IDENTITY[sdk=iphoneos*]" = "iPhone Developer";
				COPY_PHASE_STRIP = NO;
				DEBUG_INFORMATION_FORMAT = "dwarf-with-dsym";
				ENABLE_STRICT_OBJC_MSGSEND = YES;
				ENABLE_TESTABILITY = YES;
				GCC_C_LANGUAGE_STANDARD = gnu99;
				GCC_DYNAMIC_NO_PIC = NO;
				GCC_NO_COMMON_BLOCKS = YES;
				GCC_OPTIMIZATION_LEVEL = 0;
				GCC_PREPROCESSOR_DEFINITIONS = (
					"DEBUG=1",
					"$(inherited)",
				);
				GCC_WARN_64_TO_32_BIT_CONVERSION = YES;
				GCC_WARN_ABOUT_RETURN_TYPE = YES_ERROR;
				GCC_WARN_UNDECLARED_SELECTOR = YES;
				GCC_WARN_UNINITIALIZED_AUTOS = YES_AGGRESSIVE;
				GCC_WARN_UNUSED_FUNCTION = YES;
				GCC_WARN_UNUSED_VARIABLE = YES;
				IPHONEOS_DEPLOYMENT_TARGET = 9.3;
				MTL_ENABLE_DEBUG_INFO = YES;
				ONLY_ACTIVE_ARCH = YES;
				SDKROOT = iphoneos;
				TARGETED_DEVICE_FAMILY = "1,2";
			};
			name = Debug;
		};
		DF6706021CE3BEA6003AF6F2 /* Release */ = {
			isa = XCBuildConfiguration;
			buildSettings = {
				ALWAYS_SEARCH_USER_PATHS = NO;
				CLANG_ANALYZER_NONNULL = YES;
				CLANG_CXX_LANGUAGE_STANDARD = "gnu++0x";
				CLANG_CXX_LIBRARY = "libc++";
				CLANG_ENABLE_MODULES = YES;
				CLANG_ENABLE_OBJC_ARC = YES;
				CLANG_WARN_BOOL_CONVERSION = YES;
				CLANG_WARN_CONSTANT_CONVERSION = YES;
				CLANG_WARN_DIRECT_OBJC_ISA_USAGE = YES_ERROR;
				CLANG_WARN_EMPTY_BODY = YES;
				CLANG_WARN_ENUM_CONVERSION = YES;
				CLANG_WARN_INT_CONVERSION = YES;
				CLANG_WARN_OBJC_ROOT_CLASS = YES_ERROR;
				CLANG_WARN_UNREACHABLE_CODE = YES;
				CLANG_WARN__DUPLICATE_METHOD_MATCH = YES;
				"CODE_SIGN_IDENTITY[sdk=iphoneos*]" = "iPhone Developer";
				COPY_PHASE_STRIP = NO;
				DEBUG_INFORMATION_FORMAT = "dwarf-with-dsym";
				ENABLE_NS_ASSERTIONS = NO;
				ENABLE_STRICT_OBJC_MSGSEND = YES;
				GCC_C_LANGUAGE_STANDARD = gnu99;
				GCC_NO_COMMON_BLOCKS = YES;
				GCC_WARN_64_TO_32_BIT_CONVERSION = YES;
				GCC_WARN_ABOUT_RETURN_TYPE = YES_ERROR;
				GCC_WARN_UNDECLARED_SELECTOR = YES;
				GCC_WARN_UNINITIALIZED_AUTOS = YES_AGGRESSIVE;
				GCC_WARN_UNUSED_FUNCTION = YES;
				GCC_WARN_UNUSED_VARIABLE = YES;
				IPHONEOS_DEPLOYMENT_TARGET = 9.3;
				MTL_ENABLE_DEBUG_INFO = NO;
				SDKROOT = iphoneos;
				TARGETED_DEVICE_FAMILY = "1,2";
				VALIDATE_PRODUCT = YES;
			};
			name = Release;
		};
		DF6706041CE3BEA6003AF6F2 /* Debug */ = {
			isa = XCBuildConfiguration;
			buildSettings = {
				ASSETCATALOG_COMPILER_APPICON_NAME = AppIcon;
				INFOPLIST_FILE = "Deep inside/Info.plist";
				LD_RUNPATH_SEARCH_PATHS = "$(inherited) @executable_path/Frameworks";
				PRODUCT_BUNDLE_IDENTIFIER = "WS.Deep-inside";
				PRODUCT_NAME = "$(TARGET_NAME)";
			};
			name = Debug;
		};
		DF6706051CE3BEA6003AF6F2 /* Release */ = {
			isa = XCBuildConfiguration;
			buildSettings = {
				ASSETCATALOG_COMPILER_APPICON_NAME = AppIcon;
				INFOPLIST_FILE = "Deep inside/Info.plist";
				LD_RUNPATH_SEARCH_PATHS = "$(inherited) @executable_path/Frameworks";
				PRODUCT_BUNDLE_IDENTIFIER = "WS.Deep-inside";
				PRODUCT_NAME = "$(TARGET_NAME)";
			};
			name = Release;
		};
/* End XCBuildConfiguration section */

/* Begin XCConfigurationList section */
		DF6705E21CE3BEA6003AF6F2 /* Build configuration list for PBXProject "Deep inside" */ = {
			isa = XCConfigurationList;
			buildConfigurations = (
				DF6706011CE3BEA6003AF6F2 /* Debug */,
				DF6706021CE3BEA6003AF6F2 /* Release */,
			);
			defaultConfigurationIsVisible = 0;
			defaultConfigurationName = Release;
		};
		DF6706031CE3BEA6003AF6F2 /* Build configuration list for PBXNativeTarget "Deep inside" */ = {
			isa = XCConfigurationList;
			buildConfigurations = (
				DF6706041CE3BEA6003AF6F2 /* Debug */,
				DF6706051CE3BEA6003AF6F2 /* Release */,
			);
			defaultConfigurationIsVisible = 0;
			defaultConfigurationName = Release;
		};
/* End XCConfigurationList section */
	};
	rootObject = DF6705DF1CE3BEA6003AF6F2 /* Project object */;
}
