// !$*UTF8*$!
{
	archiveVersion = 1;
	classes = {
	};
	objectVersion = 46;
	objects = {

/* Begin PBXBuildFile section */
		B054233A1D24B878000509EF /* Fly.m in Sources */ = {isa = PBXBuildFile; fileRef = B05423391D24B878000509EF /* Fly.m */; };
		DF26E58F1CEA8190009EE213 /* smoke7 in Resources */ = {isa = PBXBuildFile; fileRef = DF26E5881CEA8190009EE213 /* smoke7 */; };
		DF26E5901CEA8190009EE213 /* smoke6 in Resources */ = {isa = PBXBuildFile; fileRef = DF26E5891CEA8190009EE213 /* smoke6 */; };
		DF26E5911CEA8190009EE213 /* smoke5 in Resources */ = {isa = PBXBuildFile; fileRef = DF26E58A1CEA8190009EE213 /* smoke5 */; };
		DF26E5921CEA8190009EE213 /* smoke4 in Resources */ = {isa = PBXBuildFile; fileRef = DF26E58B1CEA8190009EE213 /* smoke4 */; };
		DF26E5931CEA8190009EE213 /* smoke3 in Resources */ = {isa = PBXBuildFile; fileRef = DF26E58C1CEA8190009EE213 /* smoke3 */; };
		DF26E5941CEA8190009EE213 /* smoke2 in Resources */ = {isa = PBXBuildFile; fileRef = DF26E58D1CEA8190009EE213 /* smoke2 */; };
		DF26E5951CEA8190009EE213 /* smoke1 in Resources */ = {isa = PBXBuildFile; fileRef = DF26E58E1CEA8190009EE213 /* smoke1 */; };
		DF26E5991CEA925A009EE213 /* smoke8 in Resources */ = {isa = PBXBuildFile; fileRef = DF26E5981CEA925A009EE213 /* smoke8 */; };
		DF26E59F1CEAA4C4009EE213 /* player_jump1 in Resources */ = {isa = PBXBuildFile; fileRef = DF26E59A1CEAA4C4009EE213 /* player_jump1 */; };
		DF26E5A01CEAA4C4009EE213 /* player_jump2 in Resources */ = {isa = PBXBuildFile; fileRef = DF26E59B1CEAA4C4009EE213 /* player_jump2 */; };
		DF26E5A11CEAA4C4009EE213 /* player_jump3 in Resources */ = {isa = PBXBuildFile; fileRef = DF26E59C1CEAA4C4009EE213 /* player_jump3 */; };
		DF26E5A21CEAA4C4009EE213 /* player_jump4 in Resources */ = {isa = PBXBuildFile; fileRef = DF26E59D1CEAA4C4009EE213 /* player_jump4 */; };
		DF26E5A31CEAA4C4009EE213 /* player_jump5 in Resources */ = {isa = PBXBuildFile; fileRef = DF26E59E1CEAA4C4009EE213 /* player_jump5 */; };
		DF33C1281D23B1410085F353 /* player_dying6 in Resources */ = {isa = PBXBuildFile; fileRef = DF33C1221D23B1410085F353 /* player_dying6 */; };
		DF33C1291D23B1410085F353 /* player_dying5 in Resources */ = {isa = PBXBuildFile; fileRef = DF33C1231D23B1410085F353 /* player_dying5 */; };
		DF33C12A1D23B1410085F353 /* player_dying4 in Resources */ = {isa = PBXBuildFile; fileRef = DF33C1241D23B1410085F353 /* player_dying4 */; };
		DF33C12B1D23B1410085F353 /* player_dying3 in Resources */ = {isa = PBXBuildFile; fileRef = DF33C1251D23B1410085F353 /* player_dying3 */; };
		DF33C12C1D23B1410085F353 /* player_dying2 in Resources */ = {isa = PBXBuildFile; fileRef = DF33C1261D23B1410085F353 /* player_dying2 */; };
		DF33C12D1D23B1410085F353 /* player_dying1 in Resources */ = {isa = PBXBuildFile; fileRef = DF33C1271D23B1410085F353 /* player_dying1 */; };
		DF33C1421D24B8C10085F353 /* fly1 in Resources */ = {isa = PBXBuildFile; fileRef = DF33C1381D24B8C10085F353 /* fly1 */; };
		DF33C1431D24B8C10085F353 /* fly2 in Resources */ = {isa = PBXBuildFile; fileRef = DF33C1391D24B8C10085F353 /* fly2 */; };
		DF33C1441D24B8C10085F353 /* fly3 in Resources */ = {isa = PBXBuildFile; fileRef = DF33C13A1D24B8C10085F353 /* fly3 */; };
		DF33C1451D24B8C10085F353 /* fly4 in Resources */ = {isa = PBXBuildFile; fileRef = DF33C13B1D24B8C10085F353 /* fly4 */; };
		DF33C1461D24B8C10085F353 /* fly5 in Resources */ = {isa = PBXBuildFile; fileRef = DF33C13C1D24B8C10085F353 /* fly5 */; };
		DF33C1471D24B8C10085F353 /* fly6 in Resources */ = {isa = PBXBuildFile; fileRef = DF33C13D1D24B8C10085F353 /* fly6 */; };
		DF33C1481D24B8C10085F353 /* fly7 in Resources */ = {isa = PBXBuildFile; fileRef = DF33C13E1D24B8C10085F353 /* fly7 */; };
		DF33C1491D24B8C10085F353 /* fly8 in Resources */ = {isa = PBXBuildFile; fileRef = DF33C13F1D24B8C10085F353 /* fly8 */; };
		DF33C14A1D24B8C10085F353 /* fly9 in Resources */ = {isa = PBXBuildFile; fileRef = DF33C1401D24B8C10085F353 /* fly9 */; };
		DF33C14B1D24B8C10085F353 /* fly10 in Resources */ = {isa = PBXBuildFile; fileRef = DF33C1411D24B8C10085F353 /* fly10 */; };
		DF6705EC1CE3BEA6003AF6F2 /* main.m in Sources */ = {isa = PBXBuildFile; fileRef = DF6705EB1CE3BEA6003AF6F2 /* main.m */; };
		DF6705EF1CE3BEA6003AF6F2 /* AppDelegate.m in Sources */ = {isa = PBXBuildFile; fileRef = DF6705EE1CE3BEA6003AF6F2 /* AppDelegate.m */; };
		DF6705F21CE3BEA6003AF6F2 /* GameScene.m in Sources */ = {isa = PBXBuildFile; fileRef = DF6705F11CE3BEA6003AF6F2 /* GameScene.m */; };
		DF6705F41CE3BEA6003AF6F2 /* GameScene.sks in Resources */ = {isa = PBXBuildFile; fileRef = DF6705F31CE3BEA6003AF6F2 /* GameScene.sks */; };
		DF6705F71CE3BEA6003AF6F2 /* GameViewController.m in Sources */ = {isa = PBXBuildFile; fileRef = DF6705F61CE3BEA6003AF6F2 /* GameViewController.m */; };
		DF6705FA1CE3BEA6003AF6F2 /* Main.storyboard in Resources */ = {isa = PBXBuildFile; fileRef = DF6705F81CE3BEA6003AF6F2 /* Main.storyboard */; };
		DF6705FC1CE3BEA6003AF6F2 /* Assets.xcassets in Resources */ = {isa = PBXBuildFile; fileRef = DF6705FB1CE3BEA6003AF6F2 /* Assets.xcassets */; };
		DF6705FF1CE3BEA6003AF6F2 /* LaunchScreen.storyboard in Resources */ = {isa = PBXBuildFile; fileRef = DF6705FD1CE3BEA6003AF6F2 /* LaunchScreen.storyboard */; };
		DF6857F91CE3DB05003E13CD /* player_walk1 in Resources */ = {isa = PBXBuildFile; fileRef = DF6857F51CE3DB05003E13CD /* player_walk1 */; };
		DF6857FA1CE3DB05003E13CD /* player_walk2 in Resources */ = {isa = PBXBuildFile; fileRef = DF6857F61CE3DB05003E13CD /* player_walk2 */; };
		DF6857FB1CE3DB05003E13CD /* player_walk3 in Resources */ = {isa = PBXBuildFile; fileRef = DF6857F71CE3DB05003E13CD /* player_walk3 */; };
		DF6857FC1CE3DB05003E13CD /* player_walk4 in Resources */ = {isa = PBXBuildFile; fileRef = DF6857F81CE3DB05003E13CD /* player_walk4 */; };
		DF76784C1D1A2762001315E1 /* grass_platform.png in Resources */ = {isa = PBXBuildFile; fileRef = DF76784B1D1A2762001315E1 /* grass_platform.png */; };
		DFCC7E7D1CE53D500053998C /* game_ground in Resources */ = {isa = PBXBuildFile; fileRef = DFCC7E7C1CE53D500053998C /* game_ground */; };
		DFDE1AA61CEE63E800218F32 /* Player.m in Sources */ = {isa = PBXBuildFile; fileRef = DFDE1AA51CEE63E800218F32 /* Player.m */; };
		DFDFFDF21D21E46E002E5598 /* heart1 in Resources */ = {isa = PBXBuildFile; fileRef = DFDFFDEB1D21E46E002E5598 /* heart1 */; };
		DFDFFDF31D21E46E002E5598 /* heart2 in Resources */ = {isa = PBXBuildFile; fileRef = DFDFFDEC1D21E46E002E5598 /* heart2 */; };
		DFDFFDF41D21E46E002E5598 /* heart3 in Resources */ = {isa = PBXBuildFile; fileRef = DFDFFDED1D21E46E002E5598 /* heart3 */; };
		DFDFFDF51D21E46E002E5598 /* heart4 in Resources */ = {isa = PBXBuildFile; fileRef = DFDFFDEE1D21E46E002E5598 /* heart4 */; };
		DFDFFDF61D21E46E002E5598 /* heart5 in Resources */ = {isa = PBXBuildFile; fileRef = DFDFFDEF1D21E46E002E5598 /* heart5 */; };
		DFDFFDF71D21E46E002E5598 /* heart6 in Resources */ = {isa = PBXBuildFile; fileRef = DFDFFDF01D21E46E002E5598 /* heart6 */; };
		DFDFFDF81D21E46E002E5598 /* heart7 in Resources */ = {isa = PBXBuildFile; fileRef = DFDFFDF11D21E46E002E5598 /* heart7 */; };
		DFDFFDFA1D21E57A002E5598 /* exit_door.png in Resources */ = {isa = PBXBuildFile; fileRef = DFDFFDF91D21E57A002E5598 /* exit_door.png */; };
		DFDFFDFC1D21F121002E5598 /* MenuScene.sks in Resources */ = {isa = PBXBuildFile; fileRef = DFDFFDFB1D21F121002E5598 /* MenuScene.sks */; };
		DFDFFDFE1D21F182002E5598 /* MenuScene.m in Sources */ = {isa = PBXBuildFile; fileRef = DFDFFDFD1D21F182002E5598 /* MenuScene.m */; };
		DFDFFE031D21FD1D002E5598 /* menu_background.jpg in Resources */ = {isa = PBXBuildFile; fileRef = DFDFFE021D21FD1D002E5598 /* menu_background.jpg */; };
		DFDFFE051D2204F1002E5598 /* quit_button in Resources */ = {isa = PBXBuildFile; fileRef = DFDFFE041D2204F1002E5598 /* quit_button */; };
		DFDFFE071D220506002E5598 /* play_button in Resources */ = {isa = PBXBuildFile; fileRef = DFDFFE061D220506002E5598 /* play_button */; };
		DFDFFE091D220569002E5598 /* deep_inside_logo in Resources */ = {isa = PBXBuildFile; fileRef = DFDFFE081D220569002E5598 /* deep_inside_logo */; };
		DFDFFE0D1D221B91002E5598 /* heart_icon in Resources */ = {isa = PBXBuildFile; fileRef = DFDFFE0C1D221B91002E5598 /* heart_icon */; };
		DFDFFE191D22A031002E5598 /* Monster.m in Sources */ = {isa = PBXBuildFile; fileRef = DFDFFE181D22A031002E5598 /* Monster.m */; };
		DFDFFE1E1D233168002E5598 /* Zombie.m in Sources */ = {isa = PBXBuildFile; fileRef = DFDFFE1D1D233168002E5598 /* Zombie.m */; };
		DFDFFE221D234429002E5598 /* The Ink Spots - Maybe.mp3 in Resources */ = {isa = PBXBuildFile; fileRef = DFDFFE1F1D234429002E5598 /* The Ink Spots - Maybe.mp3 */; };
		DFDFFE231D234429002E5598 /* The Ink Spots - It's All Over But The Crying.mp3 in Resources */ = {isa = PBXBuildFile; fileRef = DFDFFE201D234429002E5598 /* The Ink Spots - It's All Over But The Crying.mp3 */; };
		DFDFFE241D234429002E5598 /* The Ink Spots - Into Each Life Some Rain Must Fall.mp3 in Resources */ = {isa = PBXBuildFile; fileRef = DFDFFE211D234429002E5598 /* The Ink Spots - Into Each Life Some Rain Must Fall.mp3 */; };
		DFDFFE261D234440002E5598 /* I Don't Want To Set The World On Fire-The Ink Spots.mp3 in Resources */ = {isa = PBXBuildFile; fileRef = DFDFFE251D234440002E5598 /* I Don't Want To Set The World On Fire-The Ink Spots.mp3 */; };
		DFDFFE281D234449002E5598 /* Ink Spots - If I Didn't Care.mp3 in Resources */ = {isa = PBXBuildFile; fileRef = DFDFFE271D234449002E5598 /* Ink Spots - If I Didn't Care.mp3 */; };
		DFDFFE7A1D238CF6002E5598 /* menu_bg16 in Resources */ = {isa = PBXBuildFile; fileRef = DFDFFE6A1D238CF6002E5598 /* menu_bg16 */; };
		DFDFFE7B1D238CF6002E5598 /* menu_bg15 in Resources */ = {isa = PBXBuildFile; fileRef = DFDFFE6B1D238CF6002E5598 /* menu_bg15 */; };
		DFDFFE7C1D238CF6002E5598 /* menu_bg14 in Resources */ = {isa = PBXBuildFile; fileRef = DFDFFE6C1D238CF6002E5598 /* menu_bg14 */; };
		DFDFFE7D1D238CF6002E5598 /* menu_bg13 in Resources */ = {isa = PBXBuildFile; fileRef = DFDFFE6D1D238CF6002E5598 /* menu_bg13 */; };
		DFDFFE7E1D238CF6002E5598 /* menu_bg12 in Resources */ = {isa = PBXBuildFile; fileRef = DFDFFE6E1D238CF6002E5598 /* menu_bg12 */; };
		DFDFFE7F1D238CF6002E5598 /* menu_bg11 in Resources */ = {isa = PBXBuildFile; fileRef = DFDFFE6F1D238CF6002E5598 /* menu_bg11 */; };
		DFDFFE801D238CF6002E5598 /* menu_bg10 in Resources */ = {isa = PBXBuildFile; fileRef = DFDFFE701D238CF6002E5598 /* menu_bg10 */; };
		DFDFFE811D238CF6002E5598 /* menu_bg9 in Resources */ = {isa = PBXBuildFile; fileRef = DFDFFE711D238CF6002E5598 /* menu_bg9 */; };
		DFDFFE821D238CF6002E5598 /* menu_bg8 in Resources */ = {isa = PBXBuildFile; fileRef = DFDFFE721D238CF6002E5598 /* menu_bg8 */; };
		DFDFFE831D238CF6002E5598 /* menu_bg7 in Resources */ = {isa = PBXBuildFile; fileRef = DFDFFE731D238CF6002E5598 /* menu_bg7 */; };
		DFDFFE841D238CF6002E5598 /* menu_bg6 in Resources */ = {isa = PBXBuildFile; fileRef = DFDFFE741D238CF6002E5598 /* menu_bg6 */; };
		DFDFFE851D238CF6002E5598 /* menu_bg5 in Resources */ = {isa = PBXBuildFile; fileRef = DFDFFE751D238CF6002E5598 /* menu_bg5 */; };
		DFDFFE861D238CF6002E5598 /* menu_bg4 in Resources */ = {isa = PBXBuildFile; fileRef = DFDFFE761D238CF6002E5598 /* menu_bg4 */; };
		DFDFFE871D238CF6002E5598 /* menu_bg3 in Resources */ = {isa = PBXBuildFile; fileRef = DFDFFE771D238CF6002E5598 /* menu_bg3 */; };
		DFDFFE881D238CF6002E5598 /* menu_bg2 in Resources */ = {isa = PBXBuildFile; fileRef = DFDFFE781D238CF6002E5598 /* menu_bg2 */; };
		DFDFFE891D238CF6002E5598 /* menu_bg1 in Resources */ = {isa = PBXBuildFile; fileRef = DFDFFE791D238CF6002E5598 /* menu_bg1 */; };
		DFDFFE8B1D239100002E5598 /* deep_inside_menu.mp3 in Resources */ = {isa = PBXBuildFile; fileRef = DFDFFE8A1D239100002E5598 /* deep_inside_menu.mp3 */; };
		DFDFFE8D1D2397C3002E5598 /* game_background in Resources */ = {isa = PBXBuildFile; fileRef = DFDFFE8C1D2397C3002E5598 /* game_background */; };
		DFDFFE931D239AC5002E5598 /* zombie5 in Resources */ = {isa = PBXBuildFile; fileRef = DFDFFE8E1D239AC5002E5598 /* zombie5 */; };
		DFDFFE941D239AC5002E5598 /* zombie4 in Resources */ = {isa = PBXBuildFile; fileRef = DFDFFE8F1D239AC5002E5598 /* zombie4 */; };
		DFDFFE951D239AC5002E5598 /* zombie3 in Resources */ = {isa = PBXBuildFile; fileRef = DFDFFE901D239AC5002E5598 /* zombie3 */; };
		DFDFFE961D239AC5002E5598 /* zombie2 in Resources */ = {isa = PBXBuildFile; fileRef = DFDFFE911D239AC5002E5598 /* zombie2 */; };
		DFDFFE971D239AC5002E5598 /* zombie1 in Resources */ = {isa = PBXBuildFile; fileRef = DFDFFE921D239AC5002E5598 /* zombie1 */; };
/* End PBXBuildFile section */

/* Begin PBXFileReference section */
		B05423381D24B878000509EF /* Fly.h */ = {isa = PBXFileReference; fileEncoding = 4; lastKnownFileType = sourcecode.c.h; path = Fly.h; sourceTree = "<group>"; };
		B05423391D24B878000509EF /* Fly.m */ = {isa = PBXFileReference; fileEncoding = 4; lastKnownFileType = sourcecode.c.objc; path = Fly.m; sourceTree = "<group>"; };
		DF26E5881CEA8190009EE213 /* smoke7 */ = {isa = PBXFileReference; lastKnownFileType = file; path = smoke7; sourceTree = "<group>"; };
		DF26E5891CEA8190009EE213 /* smoke6 */ = {isa = PBXFileReference; lastKnownFileType = file; path = smoke6; sourceTree = "<group>"; };
		DF26E58A1CEA8190009EE213 /* smoke5 */ = {isa = PBXFileReference; lastKnownFileType = file; path = smoke5; sourceTree = "<group>"; };
		DF26E58B1CEA8190009EE213 /* smoke4 */ = {isa = PBXFileReference; lastKnownFileType = file; path = smoke4; sourceTree = "<group>"; };
		DF26E58C1CEA8190009EE213 /* smoke3 */ = {isa = PBXFileReference; lastKnownFileType = file; path = smoke3; sourceTree = "<group>"; };
		DF26E58D1CEA8190009EE213 /* smoke2 */ = {isa = PBXFileReference; lastKnownFileType = file; path = smoke2; sourceTree = "<group>"; };
		DF26E58E1CEA8190009EE213 /* smoke1 */ = {isa = PBXFileReference; lastKnownFileType = file; path = smoke1; sourceTree = "<group>"; };
		DF26E5981CEA925A009EE213 /* smoke8 */ = {isa = PBXFileReference; lastKnownFileType = file; path = smoke8; sourceTree = "<group>"; };
		DF26E59A1CEAA4C4009EE213 /* player_jump1 */ = {isa = PBXFileReference; lastKnownFileType = file; path = player_jump1; sourceTree = "<group>"; };
		DF26E59B1CEAA4C4009EE213 /* player_jump2 */ = {isa = PBXFileReference; lastKnownFileType = file; path = player_jump2; sourceTree = "<group>"; };
		DF26E59C1CEAA4C4009EE213 /* player_jump3 */ = {isa = PBXFileReference; lastKnownFileType = file; path = player_jump3; sourceTree = "<group>"; };
		DF26E59D1CEAA4C4009EE213 /* player_jump4 */ = {isa = PBXFileReference; lastKnownFileType = file; path = player_jump4; sourceTree = "<group>"; };
		DF26E59E1CEAA4C4009EE213 /* player_jump5 */ = {isa = PBXFileReference; lastKnownFileType = file; path = player_jump5; sourceTree = "<group>"; };
		DF33C1221D23B1410085F353 /* player_dying6 */ = {isa = PBXFileReference; lastKnownFileType = file; path = player_dying6; sourceTree = "<group>"; };
		DF33C1231D23B1410085F353 /* player_dying5 */ = {isa = PBXFileReference; lastKnownFileType = file; path = player_dying5; sourceTree = "<group>"; };
		DF33C1241D23B1410085F353 /* player_dying4 */ = {isa = PBXFileReference; lastKnownFileType = file; path = player_dying4; sourceTree = "<group>"; };
		DF33C1251D23B1410085F353 /* player_dying3 */ = {isa = PBXFileReference; lastKnownFileType = file; path = player_dying3; sourceTree = "<group>"; };
		DF33C1261D23B1410085F353 /* player_dying2 */ = {isa = PBXFileReference; lastKnownFileType = file; path = player_dying2; sourceTree = "<group>"; };
		DF33C1271D23B1410085F353 /* player_dying1 */ = {isa = PBXFileReference; lastKnownFileType = file; path = player_dying1; sourceTree = "<group>"; };
		DF33C1381D24B8C10085F353 /* fly1 */ = {isa = PBXFileReference; lastKnownFileType = file; path = fly1; sourceTree = "<group>"; };
		DF33C1391D24B8C10085F353 /* fly2 */ = {isa = PBXFileReference; lastKnownFileType = file; path = fly2; sourceTree = "<group>"; };
		DF33C13A1D24B8C10085F353 /* fly3 */ = {isa = PBXFileReference; lastKnownFileType = file; path = fly3; sourceTree = "<group>"; };
		DF33C13B1D24B8C10085F353 /* fly4 */ = {isa = PBXFileReference; lastKnownFileType = file; path = fly4; sourceTree = "<group>"; };
		DF33C13C1D24B8C10085F353 /* fly5 */ = {isa = PBXFileReference; lastKnownFileType = file; path = fly5; sourceTree = "<group>"; };
		DF33C13D1D24B8C10085F353 /* fly6 */ = {isa = PBXFileReference; lastKnownFileType = file; path = fly6; sourceTree = "<group>"; };
		DF33C13E1D24B8C10085F353 /* fly7 */ = {isa = PBXFileReference; lastKnownFileType = file; path = fly7; sourceTree = "<group>"; };
		DF33C13F1D24B8C10085F353 /* fly8 */ = {isa = PBXFileReference; lastKnownFileType = file; path = fly8; sourceTree = "<group>"; };
		DF33C1401D24B8C10085F353 /* fly9 */ = {isa = PBXFileReference; lastKnownFileType = file; path = fly9; sourceTree = "<group>"; };
		DF33C1411D24B8C10085F353 /* fly10 */ = {isa = PBXFileReference; lastKnownFileType = file; path = fly10; sourceTree = "<group>"; };
		DF6705E71CE3BEA6003AF6F2 /* Deep inside.app */ = {isa = PBXFileReference; explicitFileType = wrapper.application; includeInIndex = 0; path = "Deep inside.app"; sourceTree = BUILT_PRODUCTS_DIR; };
		DF6705EB1CE3BEA6003AF6F2 /* main.m */ = {isa = PBXFileReference; lastKnownFileType = sourcecode.c.objc; path = main.m; sourceTree = "<group>"; };
		DF6705ED1CE3BEA6003AF6F2 /* AppDelegate.h */ = {isa = PBXFileReference; lastKnownFileType = sourcecode.c.h; path = AppDelegate.h; sourceTree = "<group>"; };
		DF6705EE1CE3BEA6003AF6F2 /* AppDelegate.m */ = {isa = PBXFileReference; lastKnownFileType = sourcecode.c.objc; path = AppDelegate.m; sourceTree = "<group>"; };
		DF6705F01CE3BEA6003AF6F2 /* GameScene.h */ = {isa = PBXFileReference; lastKnownFileType = sourcecode.c.h; path = GameScene.h; sourceTree = "<group>"; };
		DF6705F11CE3BEA6003AF6F2 /* GameScene.m */ = {isa = PBXFileReference; lastKnownFileType = sourcecode.c.objc; path = GameScene.m; sourceTree = "<group>"; tabWidth = 3; };
		DF6705F31CE3BEA6003AF6F2 /* GameScene.sks */ = {isa = PBXFileReference; lastKnownFileType = file.sks; path = GameScene.sks; sourceTree = "<group>"; };
		DF6705F51CE3BEA6003AF6F2 /* GameViewController.h */ = {isa = PBXFileReference; lastKnownFileType = sourcecode.c.h; path = GameViewController.h; sourceTree = "<group>"; };
		DF6705F61CE3BEA6003AF6F2 /* GameViewController.m */ = {isa = PBXFileReference; lastKnownFileType = sourcecode.c.objc; path = GameViewController.m; sourceTree = "<group>"; };
		DF6705F91CE3BEA6003AF6F2 /* Base */ = {isa = PBXFileReference; lastKnownFileType = file.storyboard; name = Base; path = Base.lproj/Main.storyboard; sourceTree = "<group>"; };
		DF6705FB1CE3BEA6003AF6F2 /* Assets.xcassets */ = {isa = PBXFileReference; lastKnownFileType = folder.assetcatalog; path = Assets.xcassets; sourceTree = "<group>"; };
		DF6705FE1CE3BEA6003AF6F2 /* Base */ = {isa = PBXFileReference; lastKnownFileType = file.storyboard; name = Base; path = Base.lproj/LaunchScreen.storyboard; sourceTree = "<group>"; };
		DF6706001CE3BEA6003AF6F2 /* Info.plist */ = {isa = PBXFileReference; lastKnownFileType = text.plist.xml; path = Info.plist; sourceTree = "<group>"; };
		DF6857F51CE3DB05003E13CD /* player_walk1 */ = {isa = PBXFileReference; lastKnownFileType = file; path = player_walk1; sourceTree = "<group>"; };
		DF6857F61CE3DB05003E13CD /* player_walk2 */ = {isa = PBXFileReference; lastKnownFileType = file; path = player_walk2; sourceTree = "<group>"; };
		DF6857F71CE3DB05003E13CD /* player_walk3 */ = {isa = PBXFileReference; lastKnownFileType = file; path = player_walk3; sourceTree = "<group>"; };
		DF6857F81CE3DB05003E13CD /* player_walk4 */ = {isa = PBXFileReference; lastKnownFileType = file; path = player_walk4; sourceTree = "<group>"; };
		DF76784B1D1A2762001315E1 /* grass_platform.png */ = {isa = PBXFileReference; lastKnownFileType = image.png; path = grass_platform.png; sourceTree = "<group>"; };
		DF76784D1D1A4201001315E1 /* categories.h */ = {isa = PBXFileReference; lastKnownFileType = sourcecode.c.h; path = categories.h; sourceTree = "<group>"; };
		DFCC7E7C1CE53D500053998C /* game_ground */ = {isa = PBXFileReference; lastKnownFileType = file; path = game_ground; sourceTree = "<group>"; };
		DFDE1AA41CEE63E800218F32 /* Player.h */ = {isa = PBXFileReference; fileEncoding = 4; lastKnownFileType = sourcecode.c.h; path = Player.h; sourceTree = "<group>"; };
		DFDE1AA51CEE63E800218F32 /* Player.m */ = {isa = PBXFileReference; fileEncoding = 4; lastKnownFileType = sourcecode.c.objc; path = Player.m; sourceTree = "<group>"; };
		DFDE1AA81CEE668B00218F32 /* textures.h */ = {isa = PBXFileReference; lastKnownFileType = sourcecode.c.h; path = textures.h; sourceTree = "<group>"; };
		DFDFFDEB1D21E46E002E5598 /* heart1 */ = {isa = PBXFileReference; lastKnownFileType = file; path = heart1; sourceTree = "<group>"; };
		DFDFFDEC1D21E46E002E5598 /* heart2 */ = {isa = PBXFileReference; lastKnownFileType = file; path = heart2; sourceTree = "<group>"; };
		DFDFFDED1D21E46E002E5598 /* heart3 */ = {isa = PBXFileReference; lastKnownFileType = file; path = heart3; sourceTree = "<group>"; };
		DFDFFDEE1D21E46E002E5598 /* heart4 */ = {isa = PBXFileReference; lastKnownFileType = file; path = heart4; sourceTree = "<group>"; };
		DFDFFDEF1D21E46E002E5598 /* heart5 */ = {isa = PBXFileReference; lastKnownFileType = file; path = heart5; sourceTree = "<group>"; };
		DFDFFDF01D21E46E002E5598 /* heart6 */ = {isa = PBXFileReference; lastKnownFileType = file; path = heart6; sourceTree = "<group>"; };
		DFDFFDF11D21E46E002E5598 /* heart7 */ = {isa = PBXFileReference; lastKnownFileType = file; path = heart7; sourceTree = "<group>"; };
		DFDFFDF91D21E57A002E5598 /* exit_door.png */ = {isa = PBXFileReference; lastKnownFileType = image.png; path = exit_door.png; sourceTree = "<group>"; };
		DFDFFDFB1D21F121002E5598 /* MenuScene.sks */ = {isa = PBXFileReference; lastKnownFileType = file.sks; path = MenuScene.sks; sourceTree = "<group>"; };
		DFDFFDFD1D21F182002E5598 /* MenuScene.m */ = {isa = PBXFileReference; fileEncoding = 4; lastKnownFileType = sourcecode.c.objc; path = MenuScene.m; sourceTree = "<group>"; };
		DFDFFDFF1D21F1B8002E5598 /* MenuScene.h */ = {isa = PBXFileReference; lastKnownFileType = sourcecode.c.h; path = MenuScene.h; sourceTree = "<group>"; };
		DFDFFE021D21FD1D002E5598 /* menu_background.jpg */ = {isa = PBXFileReference; lastKnownFileType = image.jpeg; path = menu_background.jpg; sourceTree = "<group>"; };
		DFDFFE041D2204F1002E5598 /* quit_button */ = {isa = PBXFileReference; lastKnownFileType = file; path = quit_button; sourceTree = "<group>"; };
		DFDFFE061D220506002E5598 /* play_button */ = {isa = PBXFileReference; lastKnownFileType = file; path = play_button; sourceTree = "<group>"; };
		DFDFFE081D220569002E5598 /* deep_inside_logo */ = {isa = PBXFileReference; lastKnownFileType = file; path = deep_inside_logo; sourceTree = "<group>"; };
		DFDFFE0C1D221B91002E5598 /* heart_icon */ = {isa = PBXFileReference; lastKnownFileType = file; path = heart_icon; sourceTree = "<group>"; };
		DFDFFE181D22A031002E5598 /* Monster.m */ = {isa = PBXFileReference; fileEncoding = 4; lastKnownFileType = sourcecode.c.objc; path = Monster.m; sourceTree = "<group>"; };
		DFDFFE1A1D22A054002E5598 /* Monster.h */ = {isa = PBXFileReference; lastKnownFileType = sourcecode.c.h; path = Monster.h; sourceTree = "<group>"; };
		DFDFFE1B1D232F5F002E5598 /* Zombie.h */ = {isa = PBXFileReference; fileEncoding = 4; lastKnownFileType = sourcecode.c.h; path = Zombie.h; sourceTree = "<group>"; };
		DFDFFE1D1D233168002E5598 /* Zombie.m */ = {isa = PBXFileReference; fileEncoding = 4; lastKnownFileType = sourcecode.c.objc; path = Zombie.m; sourceTree = "<group>"; };
		DFDFFE1F1D234429002E5598 /* The Ink Spots - Maybe.mp3 */ = {isa = PBXFileReference; lastKnownFileType = audio.mp3; path = "The Ink Spots - Maybe.mp3"; sourceTree = "<group>"; };
		DFDFFE201D234429002E5598 /* The Ink Spots - It's All Over But The Crying.mp3 */ = {isa = PBXFileReference; lastKnownFileType = audio.mp3; path = "The Ink Spots - It's All Over But The Crying.mp3"; sourceTree = "<group>"; };
		DFDFFE211D234429002E5598 /* The Ink Spots - Into Each Life Some Rain Must Fall.mp3 */ = {isa = PBXFileReference; lastKnownFileType = audio.mp3; path = "The Ink Spots - Into Each Life Some Rain Must Fall.mp3"; sourceTree = "<group>"; };
		DFDFFE251D234440002E5598 /* I Don't Want To Set The World On Fire-The Ink Spots.mp3 */ = {isa = PBXFileReference; lastKnownFileType = audio.mp3; path = "I Don't Want To Set The World On Fire-The Ink Spots.mp3"; sourceTree = "<group>"; };
		DFDFFE271D234449002E5598 /* Ink Spots - If I Didn't Care.mp3 */ = {isa = PBXFileReference; lastKnownFileType = audio.mp3; path = "Ink Spots - If I Didn't Care.mp3"; sourceTree = "<group>"; };
		DFDFFE291D236DCC002E5598 /* Music.h */ = {isa = PBXFileReference; lastKnownFileType = sourcecode.c.h; path = Music.h; sourceTree = "<group>"; };
		DFDFFE6A1D238CF6002E5598 /* menu_bg16 */ = {isa = PBXFileReference; lastKnownFileType = file; path = menu_bg16; sourceTree = "<group>"; };
		DFDFFE6B1D238CF6002E5598 /* menu_bg15 */ = {isa = PBXFileReference; lastKnownFileType = file; path = menu_bg15; sourceTree = "<group>"; };
		DFDFFE6C1D238CF6002E5598 /* menu_bg14 */ = {isa = PBXFileReference; lastKnownFileType = file; path = menu_bg14; sourceTree = "<group>"; };
		DFDFFE6D1D238CF6002E5598 /* menu_bg13 */ = {isa = PBXFileReference; lastKnownFileType = file; path = menu_bg13; sourceTree = "<group>"; };
		DFDFFE6E1D238CF6002E5598 /* menu_bg12 */ = {isa = PBXFileReference; lastKnownFileType = file; path = menu_bg12; sourceTree = "<group>"; };
		DFDFFE6F1D238CF6002E5598 /* menu_bg11 */ = {isa = PBXFileReference; lastKnownFileType = file; path = menu_bg11; sourceTree = "<group>"; };
		DFDFFE701D238CF6002E5598 /* menu_bg10 */ = {isa = PBXFileReference; lastKnownFileType = file; path = menu_bg10; sourceTree = "<group>"; };
		DFDFFE711D238CF6002E5598 /* menu_bg9 */ = {isa = PBXFileReference; lastKnownFileType = file; path = menu_bg9; sourceTree = "<group>"; };
		DFDFFE721D238CF6002E5598 /* menu_bg8 */ = {isa = PBXFileReference; lastKnownFileType = file; path = menu_bg8; sourceTree = "<group>"; };
		DFDFFE731D238CF6002E5598 /* menu_bg7 */ = {isa = PBXFileReference; lastKnownFileType = file; path = menu_bg7; sourceTree = "<group>"; };
		DFDFFE741D238CF6002E5598 /* menu_bg6 */ = {isa = PBXFileReference; lastKnownFileType = file; path = menu_bg6; sourceTree = "<group>"; };
		DFDFFE751D238CF6002E5598 /* menu_bg5 */ = {isa = PBXFileReference; lastKnownFileType = file; path = menu_bg5; sourceTree = "<group>"; };
		DFDFFE761D238CF6002E5598 /* menu_bg4 */ = {isa = PBXFileReference; lastKnownFileType = file; path = menu_bg4; sourceTree = "<group>"; };
		DFDFFE771D238CF6002E5598 /* menu_bg3 */ = {isa = PBXFileReference; lastKnownFileType = file; path = menu_bg3; sourceTree = "<group>"; };
		DFDFFE781D238CF6002E5598 /* menu_bg2 */ = {isa = PBXFileReference; lastKnownFileType = file; path = menu_bg2; sourceTree = "<group>"; };
		DFDFFE791D238CF6002E5598 /* menu_bg1 */ = {isa = PBXFileReference; lastKnownFileType = file; path = menu_bg1; sourceTree = "<group>"; };
		DFDFFE8A1D239100002E5598 /* deep_inside_menu.mp3 */ = {isa = PBXFileReference; lastKnownFileType = audio.mp3; path = deep_inside_menu.mp3; sourceTree = "<group>"; };
		DFDFFE8C1D2397C3002E5598 /* game_background */ = {isa = PBXFileReference; lastKnownFileType = file; path = game_background; sourceTree = "<group>"; };
		DFDFFE8E1D239AC5002E5598 /* zombie5 */ = {isa = PBXFileReference; lastKnownFileType = file; path = zombie5; sourceTree = "<group>"; };
		DFDFFE8F1D239AC5002E5598 /* zombie4 */ = {isa = PBXFileReference; lastKnownFileType = file; path = zombie4; sourceTree = "<group>"; };
		DFDFFE901D239AC5002E5598 /* zombie3 */ = {isa = PBXFileReference; lastKnownFileType = file; path = zombie3; sourceTree = "<group>"; };
		DFDFFE911D239AC5002E5598 /* zombie2 */ = {isa = PBXFileReference; lastKnownFileType = file; path = zombie2; sourceTree = "<group>"; };
		DFDFFE921D239AC5002E5598 /* zombie1 */ = {isa = PBXFileReference; lastKnownFileType = file; path = zombie1; sourceTree = "<group>"; };
/* End PBXFileReference section */

/* Begin PBXFrameworksBuildPhase section */
		DF6705E41CE3BEA6003AF6F2 /* Frameworks */ = {
			isa = PBXFrameworksBuildPhase;
			buildActionMask = 2147483647;
			files = (
			);
			runOnlyForDeploymentPostprocessing = 0;
		};
/* End PBXFrameworksBuildPhase section */

/* Begin PBXGroup section */
		DF6705DE1CE3BEA6003AF6F2 = {
			isa = PBXGroup;
			children = (
				DF6705E91CE3BEA6003AF6F2 /* Deep inside */,
				DF6705E81CE3BEA6003AF6F2 /* Products */,
			);
			sourceTree = "<group>";
		};
		DF6705E81CE3BEA6003AF6F2 /* Products */ = {
			isa = PBXGroup;
			children = (
				DF6705E71CE3BEA6003AF6F2 /* Deep inside.app */,
			);
			name = Products;
			sourceTree = "<group>";
		};
		DF6705E91CE3BEA6003AF6F2 /* Deep inside */ = {
			isa = PBXGroup;
			children = (
				DFDE1AA71CEE657800218F32 /* assets */,
				DF6705ED1CE3BEA6003AF6F2 /* AppDelegate.h */,
				DF6705EE1CE3BEA6003AF6F2 /* AppDelegate.m */,
				DF6705F01CE3BEA6003AF6F2 /* GameScene.h */,
				DF6705F11CE3BEA6003AF6F2 /* GameScene.m */,
				DF6705F31CE3BEA6003AF6F2 /* GameScene.sks */,
				DF6705F51CE3BEA6003AF6F2 /* GameViewController.h */,
				DF6705F61CE3BEA6003AF6F2 /* GameViewController.m */,
				DF6705F81CE3BEA6003AF6F2 /* Main.storyboard */,
				DF6705FB1CE3BEA6003AF6F2 /* Assets.xcassets */,
				DF6705FD1CE3BEA6003AF6F2 /* LaunchScreen.storyboard */,
				DF6706001CE3BEA6003AF6F2 /* Info.plist */,
				DF6705EA1CE3BEA6003AF6F2 /* Supporting Files */,
				DFDE1AA41CEE63E800218F32 /* Player.h */,
				DFDE1AA51CEE63E800218F32 /* Player.m */,
				DFDE1AA81CEE668B00218F32 /* textures.h */,
				DF76784D1D1A4201001315E1 /* categories.h */,
				DFDFFDFB1D21F121002E5598 /* MenuScene.sks */,
				DFDFFDFD1D21F182002E5598 /* MenuScene.m */,
				DFDFFDFF1D21F1B8002E5598 /* MenuScene.h */,
				DFDFFE181D22A031002E5598 /* Monster.m */,
				DFDFFE1A1D22A054002E5598 /* Monster.h */,
				DFDFFE1B1D232F5F002E5598 /* Zombie.h */,
				DFDFFE1D1D233168002E5598 /* Zombie.m */,
				B05423381D24B878000509EF /* Fly.h */,
				B05423391D24B878000509EF /* Fly.m */,
				DFDFFE291D236DCC002E5598 /* Music.h */,
			);
			path = "Deep inside";
			sourceTree = "<group>";
		};
		DF6705EA1CE3BEA6003AF6F2 /* Supporting Files */ = {
			isa = PBXGroup;
			children = (
				DF6705EB1CE3BEA6003AF6F2 /* main.m */,
			);
			name = "Supporting Files";
			sourceTree = "<group>";
		};
		DFDE1AA71CEE657800218F32 /* assets */ = {
			isa = PBXGroup;
			children = (
				DFDFFE251D234440002E5598 /* I Don't Want To Set The World On Fire-The Ink Spots.mp3 */,
				DFDFFE271D234449002E5598 /* Ink Spots - If I Didn't Care.mp3 */,
				DFDFFE1F1D234429002E5598 /* The Ink Spots - Maybe.mp3 */,
				DFDFFE201D234429002E5598 /* The Ink Spots - It's All Over But The Crying.mp3 */,
				DFDFFE211D234429002E5598 /* The Ink Spots - Into Each Life Some Rain Must Fall.mp3 */,
				DFDFFE8A1D239100002E5598 /* deep_inside_menu.mp3 */,
				DFDFFE6A1D238CF6002E5598 /* menu_bg16 */,
				DFDFFE6B1D238CF6002E5598 /* menu_bg15 */,
				DFDFFE6C1D238CF6002E5598 /* menu_bg14 */,
				DFDFFE6D1D238CF6002E5598 /* menu_bg13 */,
				DFDFFE6E1D238CF6002E5598 /* menu_bg12 */,
				DFDFFE6F1D238CF6002E5598 /* menu_bg11 */,
				DFDFFE701D238CF6002E5598 /* menu_bg10 */,
				DFDFFE711D238CF6002E5598 /* menu_bg9 */,
				DFDFFE721D238CF6002E5598 /* menu_bg8 */,
				DFDFFE731D238CF6002E5598 /* menu_bg7 */,
				DFDFFE741D238CF6002E5598 /* menu_bg6 */,
				DFDFFE751D238CF6002E5598 /* menu_bg5 */,
				DFDFFE761D238CF6002E5598 /* menu_bg4 */,
				DF33C1381D24B8C10085F353 /* fly1 */,
				DF33C1391D24B8C10085F353 /* fly2 */,
				DF33C13A1D24B8C10085F353 /* fly3 */,
				DF33C13B1D24B8C10085F353 /* fly4 */,
				DF33C13C1D24B8C10085F353 /* fly5 */,
				DF33C13D1D24B8C10085F353 /* fly6 */,
				DF33C13E1D24B8C10085F353 /* fly7 */,
				DF33C13F1D24B8C10085F353 /* fly8 */,
				DF33C1401D24B8C10085F353 /* fly9 */,
				DF33C1411D24B8C10085F353 /* fly10 */,
				DFDFFE771D238CF6002E5598 /* menu_bg3 */,
				DFDFFE781D238CF6002E5598 /* menu_bg2 */,
				DFDFFE791D238CF6002E5598 /* menu_bg1 */,
				DFDFFE081D220569002E5598 /* deep_inside_logo */,
				DF76784B1D1A2762001315E1 /* grass_platform.png */,
				DF33C1221D23B1410085F353 /* player_dying6 */,
				DF33C1231D23B1410085F353 /* player_dying5 */,
				DF33C1241D23B1410085F353 /* player_dying4 */,
				DF33C1251D23B1410085F353 /* player_dying3 */,
				DF33C1261D23B1410085F353 /* player_dying2 */,
				DF33C1271D23B1410085F353 /* player_dying1 */,
				DFDFFE8E1D239AC5002E5598 /* zombie5 */,
				DFDFFE8F1D239AC5002E5598 /* zombie4 */,
				DFDFFE901D239AC5002E5598 /* zombie3 */,
				DFDFFE911D239AC5002E5598 /* zombie2 */,
				DFDFFE921D239AC5002E5598 /* zombie1 */,
				DFDFFDEB1D21E46E002E5598 /* heart1 */,
				DFDFFDEC1D21E46E002E5598 /* heart2 */,
				DFDFFDED1D21E46E002E5598 /* heart3 */,
				DFDFFDEE1D21E46E002E5598 /* heart4 */,
				DFDFFDEF1D21E46E002E5598 /* heart5 */,
				DFDFFDF01D21E46E002E5598 /* heart6 */,
				DFDFFDF11D21E46E002E5598 /* heart7 */,
				DFDFFDF91D21E57A002E5598 /* exit_door.png */,
				DFDFFE021D21FD1D002E5598 /* menu_background.jpg */,
				DF6857F51CE3DB05003E13CD /* player_walk1 */,
				DF6857F61CE3DB05003E13CD /* player_walk2 */,
				DF6857F71CE3DB05003E13CD /* player_walk3 */,
				DFDFFE0C1D221B91002E5598 /* heart_icon */,
				DF6857F81CE3DB05003E13CD /* player_walk4 */,
				DF26E59A1CEAA4C4009EE213 /* player_jump1 */,
				DF26E59B1CEAA4C4009EE213 /* player_jump2 */,
				DF26E59C1CEAA4C4009EE213 /* player_jump3 */,
				DF26E59D1CEAA4C4009EE213 /* player_jump4 */,
				DF26E59E1CEAA4C4009EE213 /* player_jump5 */,
				DFDFFE041D2204F1002E5598 /* quit_button */,
				DFDFFE061D220506002E5598 /* play_button */,
				DF26E5981CEA925A009EE213 /* smoke8 */,
				DF26E5881CEA8190009EE213 /* smoke7 */,
				DF26E5891CEA8190009EE213 /* smoke6 */,
				DF26E58A1CEA8190009EE213 /* smoke5 */,
				DF26E58B1CEA8190009EE213 /* smoke4 */,
				DF26E58C1CEA8190009EE213 /* smoke3 */,
				DF26E58D1CEA8190009EE213 /* smoke2 */,
				DF26E58E1CEA8190009EE213 /* smoke1 */,
				DFDFFE8C1D2397C3002E5598 /* game_background */,
				DFCC7E7C1CE53D500053998C /* game_ground */,
			);
			name = assets;
			sourceTree = "<group>";
		};
/* End PBXGroup section */

/* Begin PBXNativeTarget section */
		DF6705E61CE3BEA6003AF6F2 /* Deep inside */ = {
			isa = PBXNativeTarget;
			buildConfigurationList = DF6706031CE3BEA6003AF6F2 /* Build configuration list for PBXNativeTarget "Deep inside" */;
			buildPhases = (
				DF6705E31CE3BEA6003AF6F2 /* Sources */,
				DF6705E41CE3BEA6003AF6F2 /* Frameworks */,
				DF6705E51CE3BEA6003AF6F2 /* Resources */,
			);
			buildRules = (
			);
			dependencies = (
			);
			name = "Deep inside";
			productName = "Deep inside";
			productReference = DF6705E71CE3BEA6003AF6F2 /* Deep inside.app */;
			productType = "com.apple.product-type.application";
		};
/* End PBXNativeTarget section */

/* Begin PBXProject section */
		DF6705DF1CE3BEA6003AF6F2 /* Project object */ = {
			isa = PBXProject;
			attributes = {
				LastUpgradeCheck = 0730;
				ORGANIZATIONNAME = "White Stone";
				TargetAttributes = {
					DF6705E61CE3BEA6003AF6F2 = {
						CreatedOnToolsVersion = 7.3;
					};
				};
			};
			buildConfigurationList = DF6705E21CE3BEA6003AF6F2 /* Build configuration list for PBXProject "Deep inside" */;
			compatibilityVersion = "Xcode 3.2";
			developmentRegion = English;
			hasScannedForEncodings = 0;
			knownRegions = (
				en,
				Base,
			);
			mainGroup = DF6705DE1CE3BEA6003AF6F2;
			productRefGroup = DF6705E81CE3BEA6003AF6F2 /* Products */;
			projectDirPath = "";
			projectRoot = "";
			targets = (
				DF6705E61CE3BEA6003AF6F2 /* Deep inside */,
			);
		};
/* End PBXProject section */

/* Begin PBXResourcesBuildPhase section */
		DF6705E51CE3BEA6003AF6F2 /* Resources */ = {
			isa = PBXResourcesBuildPhase;
			buildActionMask = 2147483647;
			files = (
				DFDFFE7F1D238CF6002E5598 /* menu_bg11 in Resources */,
				DFDFFE7C1D238CF6002E5598 /* menu_bg14 in Resources */,
				DFDFFDF71D21E46E002E5598 /* heart6 in Resources */,
				DFDFFDF31D21E46E002E5598 /* heart2 in Resources */,
				DF26E5931CEA8190009EE213 /* smoke3 in Resources */,
				DFDFFE831D238CF6002E5598 /* menu_bg7 in Resources */,
				DFDFFE971D239AC5002E5598 /* zombie1 in Resources */,
				DFDFFDF51D21E46E002E5598 /* heart4 in Resources */,
				DF26E5911CEA8190009EE213 /* smoke5 in Resources */,
				DFDFFDF61D21E46E002E5598 /* heart5 in Resources */,
				DF6705F41CE3BEA6003AF6F2 /* GameScene.sks in Resources */,
				DFDFFE7E1D238CF6002E5598 /* menu_bg12 in Resources */,
				DF33C12A1D23B1410085F353 /* player_dying4 in Resources */,
				DFDFFE7B1D238CF6002E5598 /* menu_bg15 in Resources */,
				DF26E59F1CEAA4C4009EE213 /* player_jump1 in Resources */,
				DFDFFE801D238CF6002E5598 /* menu_bg10 in Resources */,
				DFDFFE861D238CF6002E5598 /* menu_bg4 in Resources */,
				DF33C1471D24B8C10085F353 /* fly6 in Resources */,
				DFDFFE931D239AC5002E5598 /* zombie5 in Resources */,
				DFCC7E7D1CE53D500053998C /* game_ground in Resources */,
				DFDFFDF21D21E46E002E5598 /* heart1 in Resources */,
				DFDFFE0D1D221B91002E5598 /* heart_icon in Resources */,
				DF33C12D1D23B1410085F353 /* player_dying1 in Resources */,
				DF6857FC1CE3DB05003E13CD /* player_walk4 in Resources */,
				DF33C14A1D24B8C10085F353 /* fly9 in Resources */,
				DFDFFE891D238CF6002E5598 /* menu_bg1 in Resources */,
				DF33C1451D24B8C10085F353 /* fly4 in Resources */,
				DF33C14B1D24B8C10085F353 /* fly10 in Resources */,
				DF33C1421D24B8C10085F353 /* fly1 in Resources */,
				DF26E5A01CEAA4C4009EE213 /* player_jump2 in Resources */,
				DF26E5901CEA8190009EE213 /* smoke6 in Resources */,
				DFDFFE871D238CF6002E5598 /* menu_bg3 in Resources */,
				DFDFFE071D220506002E5598 /* play_button in Resources */,
				DFDFFE841D238CF6002E5598 /* menu_bg6 in Resources */,
				DFDFFE8B1D239100002E5598 /* deep_inside_menu.mp3 in Resources */,
				DF6857FA1CE3DB05003E13CD /* player_walk2 in Resources */,
				DF33C1491D24B8C10085F353 /* fly8 in Resources */,
				DFDFFE7D1D238CF6002E5598 /* menu_bg13 in Resources */,
				DF76784C1D1A2762001315E1 /* grass_platform.png in Resources */,
				DF26E5941CEA8190009EE213 /* smoke2 in Resources */,
				DFDFFE851D238CF6002E5598 /* menu_bg5 in Resources */,
				DFDFFE881D238CF6002E5598 /* menu_bg2 in Resources */,
				DFDFFE951D239AC5002E5598 /* zombie3 in Resources */,
				DF26E5A11CEAA4C4009EE213 /* player_jump3 in Resources */,
				DF26E58F1CEA8190009EE213 /* smoke7 in Resources */,
				DF6705FF1CE3BEA6003AF6F2 /* LaunchScreen.storyboard in Resources */,
				DFDFFDFC1D21F121002E5598 /* MenuScene.sks in Resources */,
				DF33C1431D24B8C10085F353 /* fly2 in Resources */,
				DF6857F91CE3DB05003E13CD /* player_walk1 in Resources */,
				DF6705FC1CE3BEA6003AF6F2 /* Assets.xcassets in Resources */,
				DF33C12C1D23B1410085F353 /* player_dying2 in Resources */,
				DFDFFDF41D21E46E002E5598 /* heart3 in Resources */,
				DF6705FA1CE3BEA6003AF6F2 /* Main.storyboard in Resources */,
				DFDFFE941D239AC5002E5598 /* zombie4 in Resources */,
				DFDFFE241D234429002E5598 /* The Ink Spots - Into Each Life Some Rain Must Fall.mp3 in Resources */,
				DF33C1441D24B8C10085F353 /* fly3 in Resources */,
				DF26E5A21CEAA4C4009EE213 /* player_jump4 in Resources */,
				DFDFFDF81D21E46E002E5598 /* heart7 in Resources */,
				DFDFFE091D220569002E5598 /* deep_inside_logo in Resources */,
				DFDFFE7A1D238CF6002E5598 /* menu_bg16 in Resources */,
				DF26E5991CEA925A009EE213 /* smoke8 in Resources */,
				DFDFFE031D21FD1D002E5598 /* menu_background.jpg in Resources */,
				DF26E5951CEA8190009EE213 /* smoke1 in Resources */,
				DFDFFE281D234449002E5598 /* Ink Spots - If I Didn't Care.mp3 in Resources */,
				DFDFFE261D234440002E5598 /* I Don't Want To Set The World On Fire-The Ink Spots.mp3 in Resources */,
				DFDFFE221D234429002E5598 /* The Ink Spots - Maybe.mp3 in Resources */,
				DF26E5A31CEAA4C4009EE213 /* player_jump5 in Resources */,
				DF33C1291D23B1410085F353 /* player_dying5 in Resources */,
				DF33C1461D24B8C10085F353 /* fly5 in Resources */,
				DF33C12B1D23B1410085F353 /* player_dying3 in Resources */,
				DF6857FB1CE3DB05003E13CD /* player_walk3 in Resources */,
				DFDFFE821D238CF6002E5598 /* menu_bg8 in Resources */,
				DF33C1281D23B1410085F353 /* player_dying6 in Resources */,
				DFDFFE051D2204F1002E5598 /* quit_button in Resources */,
				DFDFFE231D234429002E5598 /* The Ink Spots - It's All Over But The Crying.mp3 in Resources */,
				DF33C1481D24B8C10085F353 /* fly7 in Resources */,
				DF26E5921CEA8190009EE213 /* smoke4 in Resources */,
				DFDFFE811D238CF6002E5598 /* menu_bg9 in Resources */,
				DFDFFE8D1D2397C3002E5598 /* game_background in Resources */,
				DFDFFDFA1D21E57A002E5598 /* exit_door.png in Resources */,
				DFDFFE961D239AC5002E5598 /* zombie2 in Resources */,
			);
			runOnlyForDeploymentPostprocessing = 0;
		};
/* End PBXResourcesBuildPhase section */

/* Begin PBXSourcesBuildPhase section */
		DF6705E31CE3BEA6003AF6F2 /* Sources */ = {
			isa = PBXSourcesBuildPhase;
			buildActionMask = 2147483647;
			files = (
				DF6705F71CE3BEA6003AF6F2 /* GameViewController.m in Sources */,
				DFDFFE1E1D233168002E5598 /* Zombie.m in Sources */,
				DF6705EF1CE3BEA6003AF6F2 /* AppDelegate.m in Sources */,
				B054233A1D24B878000509EF /* Fly.m in Sources */,
				DF6705F21CE3BEA6003AF6F2 /* GameScene.m in Sources */,
				DFDFFDFE1D21F182002E5598 /* MenuScene.m in Sources */,
				DFDFFE191D22A031002E5598 /* Monster.m in Sources */,
				DF6705EC1CE3BEA6003AF6F2 /* main.m in Sources */,
				DFDE1AA61CEE63E800218F32 /* Player.m in Sources */,
			);
			runOnlyForDeploymentPostprocessing = 0;
		};
/* End PBXSourcesBuildPhase section */

/* Begin PBXVariantGroup section */
		DF6705F81CE3BEA6003AF6F2 /* Main.storyboard */ = {
			isa = PBXVariantGroup;
			children = (
				DF6705F91CE3BEA6003AF6F2 /* Base */,
			);
			name = Main.storyboard;
			sourceTree = "<group>";
		};
		DF6705FD1CE3BEA6003AF6F2 /* LaunchScreen.storyboard */ = {
			isa = PBXVariantGroup;
			children = (
				DF6705FE1CE3BEA6003AF6F2 /* Base */,
			);
			name = LaunchScreen.storyboard;
			sourceTree = "<group>";
		};
/* End PBXVariantGroup section */

/* Begin XCBuildConfiguration section */
		DF6706011CE3BEA6003AF6F2 /* Debug */ = {
			isa = XCBuildConfiguration;
			buildSettings = {
				ALWAYS_SEARCH_USER_PATHS = NO;
				CLANG_ANALYZER_NONNULL = YES;
				CLANG_CXX_LANGUAGE_STANDARD = "gnu++0x";
				CLANG_CXX_LIBRARY = "libc++";
				CLANG_ENABLE_MODULES = YES;
				CLANG_ENABLE_OBJC_ARC = YES;
				CLANG_WARN_BOOL_CONVERSION = YES;
				CLANG_WARN_CONSTANT_CONVERSION = YES;
				CLANG_WARN_DIRECT_OBJC_ISA_USAGE = YES_ERROR;
				CLANG_WARN_EMPTY_BODY = YES;
				CLANG_WARN_ENUM_CONVERSION = YES;
				CLANG_WARN_INT_CONVERSION = YES;
				CLANG_WARN_OBJC_ROOT_CLASS = YES_ERROR;
				CLANG_WARN_UNREACHABLE_CODE = YES;
				CLANG_WARN__DUPLICATE_METHOD_MATCH = YES;
				"CODE_SIGN_IDENTITY[sdk=iphoneos*]" = "iPhone Developer";
				COPY_PHASE_STRIP = NO;
				DEBUG_INFORMATION_FORMAT = "dwarf-with-dsym";
				ENABLE_STRICT_OBJC_MSGSEND = YES;
				ENABLE_TESTABILITY = YES;
				GCC_C_LANGUAGE_STANDARD = gnu99;
				GCC_DYNAMIC_NO_PIC = NO;
				GCC_NO_COMMON_BLOCKS = YES;
				GCC_OPTIMIZATION_LEVEL = 0;
				GCC_PREPROCESSOR_DEFINITIONS = (
					"DEBUG=1",
					"$(inherited)",
				);
				GCC_WARN_64_TO_32_BIT_CONVERSION = YES;
				GCC_WARN_ABOUT_RETURN_TYPE = YES_ERROR;
				GCC_WARN_UNDECLARED_SELECTOR = YES;
				GCC_WARN_UNINITIALIZED_AUTOS = YES_AGGRESSIVE;
				GCC_WARN_UNUSED_FUNCTION = YES;
				GCC_WARN_UNUSED_VARIABLE = YES;
				IPHONEOS_DEPLOYMENT_TARGET = 9.3;
				MTL_ENABLE_DEBUG_INFO = YES;
				ONLY_ACTIVE_ARCH = YES;
				SDKROOT = iphoneos;
				TARGETED_DEVICE_FAMILY = "1,2";
			};
			name = Debug;
		};
		DF6706021CE3BEA6003AF6F2 /* Release */ = {
			isa = XCBuildConfiguration;
			buildSettings = {
				ALWAYS_SEARCH_USER_PATHS = NO;
				CLANG_ANALYZER_NONNULL = YES;
				CLANG_CXX_LANGUAGE_STANDARD = "gnu++0x";
				CLANG_CXX_LIBRARY = "libc++";
				CLANG_ENABLE_MODULES = YES;
				CLANG_ENABLE_OBJC_ARC = YES;
				CLANG_WARN_BOOL_CONVERSION = YES;
				CLANG_WARN_CONSTANT_CONVERSION = YES;
				CLANG_WARN_DIRECT_OBJC_ISA_USAGE = YES_ERROR;
				CLANG_WARN_EMPTY_BODY = YES;
				CLANG_WARN_ENUM_CONVERSION = YES;
				CLANG_WARN_INT_CONVERSION = YES;
				CLANG_WARN_OBJC_ROOT_CLASS = YES_ERROR;
				CLANG_WARN_UNREACHABLE_CODE = YES;
				CLANG_WARN__DUPLICATE_METHOD_MATCH = YES;
				"CODE_SIGN_IDENTITY[sdk=iphoneos*]" = "iPhone Developer";
				COPY_PHASE_STRIP = NO;
				DEBUG_INFORMATION_FORMAT = "dwarf-with-dsym";
				ENABLE_NS_ASSERTIONS = NO;
				ENABLE_STRICT_OBJC_MSGSEND = YES;
				GCC_C_LANGUAGE_STANDARD = gnu99;
				GCC_NO_COMMON_BLOCKS = YES;
				GCC_WARN_64_TO_32_BIT_CONVERSION = YES;
				GCC_WARN_ABOUT_RETURN_TYPE = YES_ERROR;
				GCC_WARN_UNDECLARED_SELECTOR = YES;
				GCC_WARN_UNINITIALIZED_AUTOS = YES_AGGRESSIVE;
				GCC_WARN_UNUSED_FUNCTION = YES;
				GCC_WARN_UNUSED_VARIABLE = YES;
				IPHONEOS_DEPLOYMENT_TARGET = 9.3;
				MTL_ENABLE_DEBUG_INFO = NO;
				SDKROOT = iphoneos;
				TARGETED_DEVICE_FAMILY = "1,2";
				VALIDATE_PRODUCT = YES;
			};
			name = Release;
		};
		DF6706041CE3BEA6003AF6F2 /* Debug */ = {
			isa = XCBuildConfiguration;
			buildSettings = {
				ASSETCATALOG_COMPILER_APPICON_NAME = AppIcon;
				INFOPLIST_FILE = "Deep inside/Info.plist";
				IPHONEOS_DEPLOYMENT_TARGET = 9.2;
				LD_RUNPATH_SEARCH_PATHS = "$(inherited) @executable_path/Frameworks";
				PRODUCT_BUNDLE_IDENTIFIER = "WS.Deep-inside";
				PRODUCT_NAME = "$(TARGET_NAME)";
			};
			name = Debug;
		};
		DF6706051CE3BEA6003AF6F2 /* Release */ = {
			isa = XCBuildConfiguration;
			buildSettings = {
				ASSETCATALOG_COMPILER_APPICON_NAME = AppIcon;
				INFOPLIST_FILE = "Deep inside/Info.plist";
				IPHONEOS_DEPLOYMENT_TARGET = 9.2;
				LD_RUNPATH_SEARCH_PATHS = "$(inherited) @executable_path/Frameworks";
				PRODUCT_BUNDLE_IDENTIFIER = "WS.Deep-inside";
				PRODUCT_NAME = "$(TARGET_NAME)";
			};
			name = Release;
		};
/* End XCBuildConfiguration section */

/* Begin XCConfigurationList section */
		DF6705E21CE3BEA6003AF6F2 /* Build configuration list for PBXProject "Deep inside" */ = {
			isa = XCConfigurationList;
			buildConfigurations = (
				DF6706011CE3BEA6003AF6F2 /* Debug */,
				DF6706021CE3BEA6003AF6F2 /* Release */,
			);
			defaultConfigurationIsVisible = 0;
			defaultConfigurationName = Release;
		};
		DF6706031CE3BEA6003AF6F2 /* Build configuration list for PBXNativeTarget "Deep inside" */ = {
			isa = XCConfigurationList;
			buildConfigurations = (
				DF6706041CE3BEA6003AF6F2 /* Debug */,
				DF6706051CE3BEA6003AF6F2 /* Release */,
			);
			defaultConfigurationIsVisible = 0;
			defaultConfigurationName = Release;
		};
/* End XCConfigurationList section */
	};
	rootObject = DF6705DF1CE3BEA6003AF6F2 /* Project object */;
}
